// !$*UTF8*$!
{
	archiveVersion = 1;
	classes = {
	};
	objectVersion = 55;
	objects = {

/* Begin PBXBuildFile section */
		FDF028F228252C940058C19B /* Alternate_AppIconsApp.swift in Sources */ = {isa = PBXBuildFile; fileRef = FDF028F128252C940058C19B /* Alternate_AppIconsApp.swift */; };
		FDF028F428252C940058C19B /* ContentView.swift in Sources */ = {isa = PBXBuildFile; fileRef = FDF028F328252C940058C19B /* ContentView.swift */; };
		FDF028F628252C970058C19B /* Assets.xcassets in Resources */ = {isa = PBXBuildFile; fileRef = FDF028F528252C970058C19B /* Assets.xcassets */; };
		FDF028F928252C970058C19B /* Preview Assets.xcassets in Resources */ = {isa = PBXBuildFile; fileRef = FDF028F828252C970058C19B /* Preview Assets.xcassets */; };
		FDF0291328252DC90058C19B /* Tennis@2x.png in Resources */ = {isa = PBXBuildFile; fileRef = FDF0290D28252DC80058C19B /* Tennis@2x.png */; };
		FDF0291428252DC90058C19B /* Tennis@3x.png in Resources */ = {isa = PBXBuildFile; fileRef = FDF0290E28252DC80058C19B /* Tennis@3x.png */; };
		FDF0291528252DC90058C19B /* Lollipop@2x.png in Resources */ = {isa = PBXBuildFile; fileRef = FDF0290F28252DC80058C19B /* Lollipop@2x.png */; };
		FDF0291628252DC90058C19B /* Lollipop@3x.png in Resources */ = {isa = PBXBuildFile; fileRef = FDF0291028252DC80058C19B /* Lollipop@3x.png */; };
		FDF0291728252DC90058C19B /* Robot@3x.png in Resources */ = {isa = PBXBuildFile; fileRef = FDF0291128252DC80058C19B /* Robot@3x.png */; };
		FDF0291828252DC90058C19B /* Robot@2x.png in Resources */ = {isa = PBXBuildFile; fileRef = FDF0291228252DC80058C19B /* Robot@2x.png */; };
		FDF0291B2825319C0058C19B /* AppSettings.swift in Sources */ = {isa = PBXBuildFile; fileRef = FDF0291A2825319C0058C19B /* AppSettings.swift */; };
/* End PBXBuildFile section */

/* Begin PBXFileReference section */
		FDF028EE28252C940058C19B /* Alternate AppIcons.app */ = {isa = PBXFileReference; explicitFileType = wrapper.application; includeInIndex = 0; path = "Alternate AppIcons.app"; sourceTree = BUILT_PRODUCTS_DIR; };
		FDF028F128252C940058C19B /* Alternate_AppIconsApp.swift */ = {isa = PBXFileReference; lastKnownFileType = sourcecode.swift; path = Alternate_AppIconsApp.swift; sourceTree = "<group>"; };
		FDF028F328252C940058C19B /* ContentView.swift */ = {isa = PBXFileReference; lastKnownFileType = sourcecode.swift; path = ContentView.swift; sourceTree = "<group>"; };
		FDF028F528252C970058C19B /* Assets.xcassets */ = {isa = PBXFileReference; lastKnownFileType = folder.assetcatalog; path = Assets.xcassets; sourceTree = "<group>"; };
		FDF028F828252C970058C19B /* Preview Assets.xcassets */ = {isa = PBXFileReference; lastKnownFileType = folder.assetcatalog; path = "Preview Assets.xcassets"; sourceTree = "<group>"; };
		FDF0290D28252DC80058C19B /* Tennis@2x.png */ = {isa = PBXFileReference; lastKnownFileType = image.png; path = "Tennis@2x.png"; sourceTree = "<group>"; };
		FDF0290E28252DC80058C19B /* Tennis@3x.png */ = {isa = PBXFileReference; lastKnownFileType = image.png; path = "Tennis@3x.png"; sourceTree = "<group>"; };
		FDF0290F28252DC80058C19B /* Lollipop@2x.png */ = {isa = PBXFileReference; lastKnownFileType = image.png; path = "Lollipop@2x.png"; sourceTree = "<group>"; };
		FDF0291028252DC80058C19B /* Lollipop@3x.png */ = {isa = PBXFileReference; lastKnownFileType = image.png; path = "Lollipop@3x.png"; sourceTree = "<group>"; };
		FDF0291128252DC80058C19B /* Robot@3x.png */ = {isa = PBXFileReference; lastKnownFileType = image.png; path = "Robot@3x.png"; sourceTree = "<group>"; };
		FDF0291228252DC80058C19B /* Robot@2x.png */ = {isa = PBXFileReference; lastKnownFileType = image.png; path = "Robot@2x.png"; sourceTree = "<group>"; };
		FDF0291928252E540058C19B /* Alternate-AppIcons-Info.plist */ = {isa = PBXFileReference; lastKnownFileType = text.plist; path = "Alternate-AppIcons-Info.plist"; sourceTree = SOURCE_ROOT; };
		FDF0291A2825319C0058C19B /* AppSettings.swift */ = {isa = PBXFileReference; lastKnownFileType = sourcecode.swift; path = AppSettings.swift; sourceTree = "<group>"; };
/* End PBXFileReference section */

/* Begin PBXFrameworksBuildPhase section */
		FDF028EB28252C940058C19B /* Frameworks */ = {
			isa = PBXFrameworksBuildPhase;
			buildActionMask = 2147483647;
			files = (
			);
			runOnlyForDeploymentPostprocessing = 0;
		};
/* End PBXFrameworksBuildPhase section */

/* Begin PBXGroup section */
		FDF028E528252C930058C19B = {
			isa = PBXGroup;
			children = (
				FDF028F028252C940058C19B /* Alternate AppIcons */,
				FDF028EF28252C940058C19B /* Products */,
			);
			sourceTree = "<group>";
		};
		FDF028EF28252C940058C19B /* Products */ = {
			isa = PBXGroup;
			children = (
				FDF028EE28252C940058C19B /* Alternate AppIcons.app */,
			);
			name = Products;
			sourceTree = "<group>";
		};
		FDF028F028252C940058C19B /* Alternate AppIcons */ = {
			isa = PBXGroup;
			children = (
				FDF0291928252E540058C19B /* Alternate-AppIcons-Info.plist */,
				FDF028F128252C940058C19B /* Alternate_AppIconsApp.swift */,
				FDF028F328252C940058C19B /* ContentView.swift */,
				FDF0291A2825319C0058C19B /* AppSettings.swift */,
				FDF0290C28252DC80058C19B /* Assets */,
				FDF028F528252C970058C19B /* Assets.xcassets */,
				FDF028F728252C970058C19B /* Preview Content */,
			);
			path = "Alternate AppIcons";
			sourceTree = "<group>";
		};
		FDF028F728252C970058C19B /* Preview Content */ = {
			isa = PBXGroup;
			children = (
				FDF028F828252C970058C19B /* Preview Assets.xcassets */,
			);
			path = "Preview Content";
			sourceTree = "<group>";
		};
		FDF0290C28252DC80058C19B /* Assets */ = {
			isa = PBXGroup;
			children = (
				FDF0290D28252DC80058C19B /* Tennis@2x.png */,
				FDF0290E28252DC80058C19B /* Tennis@3x.png */,
				FDF0290F28252DC80058C19B /* Lollipop@2x.png */,
				FDF0291028252DC80058C19B /* Lollipop@3x.png */,
				FDF0291128252DC80058C19B /* Robot@3x.png */,
				FDF0291228252DC80058C19B /* Robot@2x.png */,
			);
			name = Assets;
			path = "../../../Downloads/YouTube-main/App Icons/App Icons/Assets";
			sourceTree = "<group>";
		};
/* End PBXGroup section */

/* Begin PBXNativeTarget section */
		FDF028ED28252C940058C19B /* Alternate AppIcons */ = {
			isa = PBXNativeTarget;
			buildConfigurationList = FDF028FC28252C970058C19B /* Build configuration list for PBXNativeTarget "Alternate AppIcons" */;
			buildPhases = (
				FDF028EA28252C940058C19B /* Sources */,
				FDF028EB28252C940058C19B /* Frameworks */,
				FDF028EC28252C940058C19B /* Resources */,
			);
			buildRules = (
			);
			dependencies = (
			);
			name = "Alternate AppIcons";
			productName = "Alternate AppIcons";
			productReference = FDF028EE28252C940058C19B /* Alternate AppIcons.app */;
			productType = "com.apple.product-type.application";
		};
/* End PBXNativeTarget section */

/* Begin PBXProject section */
		FDF028E628252C930058C19B /* Project object */ = {
			isa = PBXProject;
			attributes = {
				BuildIndependentTargetsInParallel = 1;
				LastSwiftUpdateCheck = 1330;
				LastUpgradeCheck = 1330;
				TargetAttributes = {
					FDF028ED28252C940058C19B = {
						CreatedOnToolsVersion = 13.3.1;
					};
				};
			};
			buildConfigurationList = FDF028E928252C930058C19B /* Build configuration list for PBXProject "Alternate AppIcons" */;
			compatibilityVersion = "Xcode 13.0";
			developmentRegion = en;
			hasScannedForEncodings = 0;
			knownRegions = (
				en,
				Base,
			);
			mainGroup = FDF028E528252C930058C19B;
			productRefGroup = FDF028EF28252C940058C19B /* Products */;
			projectDirPath = "";
			projectRoot = "";
			targets = (
				FDF028ED28252C940058C19B /* Alternate AppIcons */,
			);
		};
/* End PBXProject section */

/* Begin PBXResourcesBuildPhase section */
		FDF028EC28252C940058C19B /* Resources */ = {
			isa = PBXResourcesBuildPhase;
			buildActionMask = 2147483647;
			files = (
				FDF0291628252DC90058C19B /* Lollipop@3x.png in Resources */,
				FDF0291428252DC90058C19B /* Tennis@3x.png in Resources */,
				FDF028F928252C970058C19B /* Preview Assets.xcassets in Resources */,
				FDF0291528252DC90058C19B /* Lollipop@2x.png in Resources */,
				FDF0291328252DC90058C19B /* Tennis@2x.png in Resources */,
				FDF0291728252DC90058C19B /* Robot@3x.png in Resources */,
				FDF028F628252C970058C19B /* Assets.xcassets in Resources */,
				FDF0291828252DC90058C19B /* Robot@2x.png in Resources */,
			);
			runOnlyForDeploymentPostprocessing = 0;
		};
/* End PBXResourcesBuildPhase section */

/* Begin PBXSourcesBuildPhase section */
		FDF028EA28252C940058C19B /* Sources */ = {
			isa = PBXSourcesBuildPhase;
			buildActionMask = 2147483647;
			files = (
				FDF028F428252C940058C19B /* ContentView.swift in Sources */,
				FDF028F228252C940058C19B /* Alternate_AppIconsApp.swift in Sources */,
				FDF0291B2825319C0058C19B /* AppSettings.swift in Sources */,
			);
			runOnlyForDeploymentPostprocessing = 0;
		};
/* End PBXSourcesBuildPhase section */

/* Begin XCBuildConfiguration section */
		FDF028FA28252C970058C19B /* Debug */ = {
			isa = XCBuildConfiguration;
			buildSettings = {
				ALWAYS_SEARCH_USER_PATHS = NO;
				CLANG_ANALYZER_NONNULL = YES;
				CLANG_ANALYZER_NUMBER_OBJECT_CONVERSION = YES_AGGRESSIVE;
				CLANG_CXX_LANGUAGE_STANDARD = "gnu++17";
				CLANG_ENABLE_MODULES = YES;
				CLANG_ENABLE_OBJC_ARC = YES;
				CLANG_ENABLE_OBJC_WEAK = YES;
				CLANG_WARN_BLOCK_CAPTURE_AUTORELEASING = YES;
				CLANG_WARN_BOOL_CONVERSION = YES;
				CLANG_WARN_COMMA = YES;
				CLANG_WARN_CONSTANT_CONVERSION = YES;
				CLANG_WARN_DEPRECATED_OBJC_IMPLEMENTATIONS = YES;
				CLANG_WARN_DIRECT_OBJC_ISA_USAGE = YES_ERROR;
				CLANG_WARN_DOCUMENTATION_COMMENTS = YES;
				CLANG_WARN_EMPTY_BODY = YES;
				CLANG_WARN_ENUM_CONVERSION = YES;
				CLANG_WARN_INFINITE_RECURSION = YES;
				CLANG_WARN_INT_CONVERSION = YES;
				CLANG_WARN_NON_LITERAL_NULL_CONVERSION = YES;
				CLANG_WARN_OBJC_IMPLICIT_RETAIN_SELF = YES;
				CLANG_WARN_OBJC_LITERAL_CONVERSION = YES;
				CLANG_WARN_OBJC_ROOT_CLASS = YES_ERROR;
				CLANG_WARN_QUOTED_INCLUDE_IN_FRAMEWORK_HEADER = YES;
				CLANG_WARN_RANGE_LOOP_ANALYSIS = YES;
				CLANG_WARN_STRICT_PROTOTYPES = YES;
				CLANG_WARN_SUSPICIOUS_MOVE = YES;
				CLANG_WARN_UNGUARDED_AVAILABILITY = YES_AGGRESSIVE;
				CLANG_WARN_UNREACHABLE_CODE = YES;
				CLANG_WARN__DUPLICATE_METHOD_MATCH = YES;
				COPY_PHASE_STRIP = NO;
				DEBUG_INFORMATION_FORMAT = dwarf;
				ENABLE_STRICT_OBJC_MSGSEND = YES;
				ENABLE_TESTABILITY = YES;
				GCC_C_LANGUAGE_STANDARD = gnu11;
				GCC_DYNAMIC_NO_PIC = NO;
				GCC_NO_COMMON_BLOCKS = YES;
				GCC_OPTIMIZATION_LEVEL = 0;
				GCC_PREPROCESSOR_DEFINITIONS = (
					"DEBUG=1",
					"$(inherited)",
				);
				GCC_WARN_64_TO_32_BIT_CONVERSION = YES;
				GCC_WARN_ABOUT_RETURN_TYPE = YES_ERROR;
				GCC_WARN_UNDECLARED_SELECTOR = YES;
				GCC_WARN_UNINITIALIZED_AUTOS = YES_AGGRESSIVE;
				GCC_WARN_UNUSED_FUNCTION = YES;
				GCC_WARN_UNUSED_VARIABLE = YES;
				IPHONEOS_DEPLOYMENT_TARGET = 15.4;
				MTL_ENABLE_DEBUG_INFO = INCLUDE_SOURCE;
				MTL_FAST_MATH = YES;
				ONLY_ACTIVE_ARCH = YES;
				SDKROOT = iphoneos;
				SWIFT_ACTIVE_COMPILATION_CONDITIONS = DEBUG;
				SWIFT_OPTIMIZATION_LEVEL = "-Onone";
			};
			name = Debug;
		};
		FDF028FB28252C970058C19B /* Release */ = {
			isa = XCBuildConfiguration;
			buildSettings = {
				ALWAYS_SEARCH_USER_PATHS = NO;
				CLANG_ANALYZER_NONNULL = YES;
				CLANG_ANALYZER_NUMBER_OBJECT_CONVERSION = YES_AGGRESSIVE;
				CLANG_CXX_LANGUAGE_STANDARD = "gnu++17";
				CLANG_ENABLE_MODULES = YES;
				CLANG_ENABLE_OBJC_ARC = YES;
				CLANG_ENABLE_OBJC_WEAK = YES;
				CLANG_WARN_BLOCK_CAPTURE_AUTORELEASING = YES;
				CLANG_WARN_BOOL_CONVERSION = YES;
				CLANG_WARN_COMMA = YES;
				CLANG_WARN_CONSTANT_CONVERSION = YES;
				CLANG_WARN_DEPRECATED_OBJC_IMPLEMENTATIONS = YES;
				CLANG_WARN_DIRECT_OBJC_ISA_USAGE = YES_ERROR;
				CLANG_WARN_DOCUMENTATION_COMMENTS = YES;
				CLANG_WARN_EMPTY_BODY = YES;
				CLANG_WARN_ENUM_CONVERSION = YES;
				CLANG_WARN_INFINITE_RECURSION = YES;
				CLANG_WARN_INT_CONVERSION = YES;
				CLANG_WARN_NON_LITERAL_NULL_CONVERSION = YES;
				CLANG_WARN_OBJC_IMPLICIT_RETAIN_SELF = YES;
				CLANG_WARN_OBJC_LITERAL_CONVERSION = YES;
				CLANG_WARN_OBJC_ROOT_CLASS = YES_ERROR;
				CLANG_WARN_QUOTED_INCLUDE_IN_FRAMEWORK_HEADER = YES;
				CLANG_WARN_RANGE_LOOP_ANALYSIS = YES;
				CLANG_WARN_STRICT_PROTOTYPES = YES;
				CLANG_WARN_SUSPICIOUS_MOVE = YES;
				CLANG_WARN_UNGUARDED_AVAILABILITY = YES_AGGRESSIVE;
				CLANG_WARN_UNREACHABLE_CODE = YES;
				CLANG_WARN__DUPLICATE_METHOD_MATCH = YES;
				COPY_PHASE_STRIP = NO;
				DEBUG_INFORMATION_FORMAT = "dwarf-with-dsym";
				ENABLE_NS_ASSERTIONS = NO;
				ENABLE_STRICT_OBJC_MSGSEND = YES;
				GCC_C_LANGUAGE_STANDARD = gnu11;
				GCC_NO_COMMON_BLOCKS = YES;
				GCC_WARN_64_TO_32_BIT_CONVERSION = YES;
				GCC_WARN_ABOUT_RETURN_TYPE = YES_ERROR;
				GCC_WARN_UNDECLARED_SELECTOR = YES;
				GCC_WARN_UNINITIALIZED_AUTOS = YES_AGGRESSIVE;
				GCC_WARN_UNUSED_FUNCTION = YES;
				GCC_WARN_UNUSED_VARIABLE = YES;
				IPHONEOS_DEPLOYMENT_TARGET = 15.4;
				MTL_ENABLE_DEBUG_INFO = NO;
				MTL_FAST_MATH = YES;
				SDKROOT = iphoneos;
				SWIFT_COMPILATION_MODE = wholemodule;
				SWIFT_OPTIMIZATION_LEVEL = "-O";
				VALIDATE_PRODUCT = YES;
			};
			name = Release;
		};
		FDF028FD28252C970058C19B /* Debug */ = {
			isa = XCBuildConfiguration;
			buildSettings = {
				ASSETCATALOG_COMPILER_APPICON_NAME = AppIcon;
				ASSETCATALOG_COMPILER_GLOBAL_ACCENT_COLOR_NAME = AccentColor;
				CODE_SIGN_STYLE = Automatic;
				CURRENT_PROJECT_VERSION = 1;
				DEVELOPMENT_ASSET_PATHS = "\"Alternate AppIcons/Preview Content\"";
				DEVELOPMENT_TEAM = XP6V4T4UU6;
				ENABLE_PREVIEWS = YES;
				GENERATE_INFOPLIST_FILE = YES;
				INFOPLIST_FILE = "Alternate-AppIcons-Info.plist";
				INFOPLIST_KEY_UIApplicationSceneManifest_Generation = YES;
				INFOPLIST_KEY_UIApplicationSupportsIndirectInputEvents = YES;
				INFOPLIST_KEY_UILaunchScreen_Generation = YES;
				INFOPLIST_KEY_UISupportedInterfaceOrientations_iPad = "UIInterfaceOrientationPortrait UIInterfaceOrientationPortraitUpsideDown UIInterfaceOrientationLandscapeLeft UIInterfaceOrientationLandscapeRight";
				INFOPLIST_KEY_UISupportedInterfaceOrientations_iPhone = "UIInterfaceOrientationPortrait UIInterfaceOrientationLandscapeLeft UIInterfaceOrientationLandscapeRight";
				LD_RUNPATH_SEARCH_PATHS = (
					"$(inherited)",
					"@executable_path/Frameworks",
				);
				MARKETING_VERSION = 1.0;
				PRODUCT_BUNDLE_IDENTIFIER = "com.blacenova.sample.Alternate-AppIcons";
				PRODUCT_NAME = "$(TARGET_NAME)";
				SWIFT_EMIT_LOC_STRINGS = YES;
				SWIFT_VERSION = 5.0;
				TARGETED_DEVICE_FAMILY = "1,2";
			};
			name = Debug;
		};
		FDF028FE28252C970058C19B /* Release */ = {
			isa = XCBuildConfiguration;
			buildSettings = {
				ASSETCATALOG_COMPILER_APPICON_NAME = AppIcon;
				ASSETCATALOG_COMPILER_GLOBAL_ACCENT_COLOR_NAME = AccentColor;
				CODE_SIGN_STYLE = Automatic;
				CURRENT_PROJECT_VERSION = 1;
				DEVELOPMENT_ASSET_PATHS = "\"Alternate AppIcons/Preview Content\"";
				DEVELOPMENT_TEAM = XP6V4T4UU6;
				ENABLE_PREVIEWS = YES;
				GENERATE_INFOPLIST_FILE = YES;
				INFOPLIST_FILE = "Alternate-AppIcons-Info.plist";
				INFOPLIST_KEY_UIApplicationSceneManifest_Generation = YES;
				INFOPLIST_KEY_UIApplicationSupportsIndirectInputEvents = YES;
				INFOPLIST_KEY_UILaunchScreen_Generation = YES;
				INFOPLIST_KEY_UISupportedInterfaceOrientations_iPad = "UIInterfaceOrientationPortrait UIInterfaceOrientationPortraitUpsideDown UIInterfaceOrientationLandscapeLeft UIInterfaceOrientationLandscapeRight";
				INFOPLIST_KEY_UISupportedInterfaceOrientations_iPhone = "UIInterfaceOrientationPortrait UIInterfaceOrientationLandscapeLeft UIInterfaceOrientationLandscapeRight";
				LD_RUNPATH_SEARCH_PATHS = (
					"$(inherited)",
					"@executable_path/Frameworks",
				);
				MARKETING_VERSION = 1.0;
				PRODUCT_BUNDLE_IDENTIFIER = "com.blacenova.sample.Alternate-AppIcons";
				PRODUCT_NAME = "$(TARGET_NAME)";
				SWIFT_EMIT_LOC_STRINGS = YES;
				SWIFT_VERSION = 5.0;
				TARGETED_DEVICE_FAMILY = "1,2";
			};
			name = Release;
		};
/* End XCBuildConfiguration section */

/* Begin XCConfigurationList section */
		FDF028E928252C930058C19B /* Build configuration list for PBXProject "Alternate AppIcons" */ = {
			isa = XCConfigurationList;
			buildConfigurations = (
				FDF028FA28252C970058C19B /* Debug */,
				FDF028FB28252C970058C19B /* Release */,
			);
			defaultConfigurationIsVisible = 0;
			defaultConfigurationName = Release;
		};
		FDF028FC28252C970058C19B /* Build configuration list for PBXNativeTarget "Alternate AppIcons" */ = {
			isa = XCConfigurationList;
			buildConfigurations = (
				FDF028FD28252C970058C19B /* Debug */,
				FDF028FE28252C970058C19B /* Release */,
			);
			defaultConfigurationIsVisible = 0;
			defaultConfigurationName = Release;
		};
/* End XCConfigurationList section */
	};
	rootObject = FDF028E628252C930058C19B /* Project object */;
}
